
Microsoft Visual Studio Solution File, Format Version 12.00
# Visual Studio Version 17
VisualStudioVersion = 17.6.33712.159
MinimumVisualStudioVersion = 10.0.40219.1
Project("{FAE04EC0-301F-11D3-BF4B-00C04F79EFBC}") = "eCommerce.API", "eCommerce.API\eCommerce.API.csproj", "{D11D14AF-686E-4EB7-A542-A15D57974697}"
EndProject
Global
	GlobalSection(SolutionConfigurationPlatforms) = preSolution
		Debug|Any CPU = Debug|Any CPU
		Release|Any CPU = Release|Any CPU
	EndGlobalSection
	GlobalSection(ProjectConfigurationPlatforms) = postSolution
		{D11D14AF-686E-4EB7-A542-A15D57974697}.Debug|Any CPU.ActiveCfg = Debug|Any CPU
		{D11D14AF-686E-4EB7-A542-A15D57974697}.Debug|Any CPU.Build.0 = Debug|Any CPU
		{D11D14AF-686E-4EB7-A542-A15D57974697}.Release|Any CPU.ActiveCfg = Release|Any CPU
		{D11D14AF-686E-4EB7-A542-A15D57974697}.Release|Any CPU.Build.0 = Release|Any CPU
	EndGlobalSection
	GlobalSection(SolutionProperties) = preSolution
		HideSolutionNode = FALSE
	EndGlobalSection
	GlobalSection(ExtensibilityGlobals) = postSolution
		SolutionGuid = {02E137E0-AC2D-4CAB-A27F-71ACC144208C}
	EndGlobalSection
EndGlobal
